PODS:
  - IRLDocumentScanner (0.2.1):
    - IRLDocumentScanner/Default (= 0.2.1)
    - TOCropViewController (~> 2.3)
  - IRLDocumentScanner/Default (0.2.1):
    - TOCropViewController (~> 2.3)
  - TOCropViewController (2.3.4)

DEPENDENCIES:
  - IRLDocumentScanner (from `..`)

EXTERNAL SOURCES:
  IRLDocumentScanner:
    :path: ..

SPEC CHECKSUMS:
  IRLDocumentScanner: f2cd424c53404e8779964876fe170ca6da82acb1
  TOCropViewController: 808c9724904be931dd2de5f97fcccf4cc8f8b03f

PODFILE CHECKSUM: c5370e0a9e53a351ff57f28faa31dbe63280cefa

COCOAPODS: 1.3.1
